{
  "lockfileVersion": 1,
  "configVersion": 1,
  "workspaces": {
    "": {
      "name": "buddy-bot",
      "dependencies": {
        "prompts": "^2.4.2",
        "ts-pantry": "^0.11.19",
      },
      "devDependencies": {
        "@stacksjs/bumpx": "^0.2.16",
        "@stacksjs/bunpress": "^0.1.21",
        "@stacksjs/clapp": "^0.2.12",
        "@stacksjs/clarity": "^0.3.31",
        "@stacksjs/gitlint": "^0.1.7",
        "@stacksjs/logsmith": "^0.2.11",
        "@types/bun": "^1.3.14",
        "@types/prompts": "^2.4.9",
        "buddy-bot": "^0.9.27",
        "bun-git-hooks": "^0.3.2",
        "bun-plugin-dtsx": "^0.11.2",
        "bunfig": "^0.15.17",
        "pickier": "^0.1.49",
        "typescript": "^6.0.2",
      },
    },
  },
  "packages": {
    "@cwcss/crosswind": ["@cwcss/crosswind@0.2.16", "", { "dependencies": { "@stacksjs/clapp": "^0.2.0", "bunfig": "^0.15.17" }, "bin": { "crosswind": "./dist/cli.js" } }, "sha512-QgSTpcnt1seUQF2++taD5wk/H1lE3wSaybd+i9iP/syQTB2w/v2aM2U9SzYYe2ZcHA3Uxa1Sn/YvhcmHeFfuCA=="],

    "@stacksjs/bumpx": ["@stacksjs/bumpx@0.2.16", "", { "dependencies": { "@stacksjs/clapp": "^0.2.0", "@stacksjs/logsmith": "^0.2.6", "bunfig": "^0.15.6" }, "bin": { "bumpx": "./dist/bin/cli.js" } }, "sha512-ryUTi3q/p21bkQ46qJf55fq21j+5Kmu+2xgEnywOXGlCwtJbYeHb6LqRliFgkV/D7JkgDlCyw8yqMzks8PdwmQ=="],

    "@stacksjs/bunpress": ["@stacksjs/bunpress@0.1.21", "", { "dependencies": { "@stacksjs/stx": "^0.2.82", "@stacksjs/ts-cloud": "^0.7.51", "@stacksjs/ts-md": "^0.1.1", "bunfig": "^0.15.6" }, "bin": { "bunpress": "./dist/bin/cli.js" } }, "sha512-F44YG7rylrrrDasCK0RLUvOCuMFzXiJPM+Y22FgLc1dq1nYlRmZ+wk/3IRndWVGIiCyy0FsWKDka7ktk345SAA=="],

    "@stacksjs/clapp": ["@stacksjs/clapp@0.2.12", "", {}, "sha512-EzCjl9cfKNMe7UPONHSSAffyfFVrbLzcEVx2i6HYLnJkcka5HFf1vPvOMkErCC10WDX+2Z1BOMTdsTXP1MqIbQ=="],

    "@stacksjs/clarity": ["@stacksjs/clarity@0.3.31", "", { "dependencies": { "bunfig": "^0.15.6" }, "bin": { "clarity": "./dist/bin/cli.js" } }, "sha512-lMw327fKgABG7+cPwtJoiEFlrC9foxrMYKRWIagqEtNHKzgxBR17hOAXH27D4hgLDLvkQFUCNDY4kcWXCt62fQ=="],

    "@stacksjs/desktop": ["@stacksjs/desktop@0.2.166", "", { "dependencies": { "craft-native": ">=0.0.55" } }, "sha512-ydOBOBCLSHDtOPJ6xwwBZuVaHRG+kbWGHRFK+VVaAPT0B3CUflUKs37kk5pQ033lrWoNw9cDKfscVhIzNoivzw=="],

    "@stacksjs/dtsx": ["@stacksjs/dtsx@0.11.2", "", { "dependencies": { "@stacksjs/clapp": "^0.2.0" }, "bin": { "dtsx": "./dist/bin/cli.js" } }, "sha512-r2KkpKV80wV55jpCh3lHgmvulCvQMBFf8KEzbtqwF36rx7NqYonn6w8TJ63MTPPHwOqLzNXA1oRSY4S+z2kTMQ=="],

    "@stacksjs/gitlint": ["@stacksjs/gitlint@0.1.7", "", { "bin": { "gitlint": "./dist/bin/cli.js" } }, "sha512-7d43l2r5gSLXK8YKflvkwZvN/huoJqbUSmDN+OY3CGHjb4ItimV6GJ/8JyFJwGI7tDEc5VgNGL0JYyIbk2IQ6g=="],

    "@stacksjs/logsmith": ["@stacksjs/logsmith@0.2.11", "", { "dependencies": { "@stacksjs/clapp": "^0.2.0", "bunfig": "^0.15.6", "pickier": "^0.1.9" }, "bin": { "@stacksjs/logsmith": "./dist/bin/cli.js", "logsmith": "./dist/bin/cli.js" } }, "sha512-wqqAxewpsHVDzpC+IRy+yYyGXGlv1j5GCqYTh8fL7d3LLhnRPN72PEQywM357burtORvdkFHfOzk3Ih1SMvuiw=="],

    "@stacksjs/sanitizer": ["@stacksjs/sanitizer@0.2.166", "", {}, "sha512-cBmYgetsOSMyzQurt4gjpLFNBsWkqEnSzt++9SQVLfvm2LFDnH70fKHvrRbRg1I/2bejzxfFV3cK4yUFvtIFgQ=="],

    "@stacksjs/stx": ["@stacksjs/stx@0.2.166", "", { "dependencies": { "@cwcss/crosswind": "^0.2.14", "@stacksjs/clapp": "^0.2.0", "@stacksjs/desktop": "0.2.166", "@stacksjs/sanitizer": "0.2.166", "@stacksjs/ts-i18n": "^0.1.11", "bun-plugin-stx": "0.2.166", "bunfig": "^0.15.17", "stx-router": "0.2.166", "ts-broadcasting": "^0.0.9", "ts-images": "^0.1.9", "ts-syntax-highlighter": "^0.2.1" }, "bin": { "stx": "./dist/cli.js" } }, "sha512-saGCc3WDkeqpXxaHOYC9QYzHLqNIntrSCEnASG+5EufoD7FF54KFGfyArD9IPlmUG3uESNOdNft5Gy/vyVd4Xw=="],

    "@stacksjs/ts-avif": ["@stacksjs/ts-avif@0.1.0", "", {}, "sha512-ytcta6ZhZeZwXJTcWlTraNLBsqL4imOfruSkJ2PwEp5RjHb4eSoqb21W4u7HLILRcILr7B1nOkIMeQct4Pozbw=="],

    "@stacksjs/ts-bmp": ["@stacksjs/ts-bmp@0.1.0", "", {}, "sha512-O02r5q35OaoLRkTLOcFCylQzY3Oeji6QebdzLBfuWt77MoS/gY/4igY53N++pUjA4uS34cHHd/P651LlCKoBeA=="],

    "@stacksjs/ts-cloud": ["@stacksjs/ts-cloud@0.7.108", "", { "dependencies": { "@stacksjs/ts-xml": "^0.1.0", "@ts-cloud/aws-types": "0.7.108", "@ts-cloud/core": "0.7.108" }, "bin": { "cloud": "./dist/bin/cli.js" } }, "sha512-i0id7mYo/CWmi1xSadrpNWj1pxKsim3uOmyT2z2oMbv7es+jG/Hxlz/psGwzrZt8vjMOkJrozW7SXxYvFyzC1Q=="],

    "@stacksjs/ts-css": ["@stacksjs/ts-css@0.1.0", "", { "dependencies": { "bunfig": "^0.15.6" }, "bin": { "ts-css": "./dist/bin/cli.js" } }, "sha512-373WvzZeXdqwi6lRwyfr05r3KOtbo4QXWPhmoGFI6NSa5ZcUEiyYJGL2KsV9mfQNTsBp+0q3wPnj1EQ/1zuieg=="],

    "@stacksjs/ts-i18n": ["@stacksjs/ts-i18n@0.1.11", "", { "dependencies": { "@stacksjs/clapp": "^0.2.9", "bunfig": "^0.15.6" }, "bin": { "i18n": "./dist/cli.js" } }, "sha512-33FM0gKdxBy6EUsUZLGAMe0D7QUZ4f/BQXRsQIyzkZgs2+juruUTevPuJGCjWSZsgJuiaBfEJn8Oq8ctuo1OWQ=="],

    "@stacksjs/ts-md": ["@stacksjs/ts-md@0.1.1", "", { "bin": { "md": "./bin/cli.ts" } }, "sha512-kvsSg7S3vHq65fnHIRggTLudN4n1sjkos86xLB62V6PVRa8iosYAmFKVDTGaJk+0MdsIoRwQbJ2vLWVcNQsgGw=="],

    "@stacksjs/ts-png": ["@stacksjs/ts-png@0.1.2", "", {}, "sha512-NT9AVCAlZiOMzcBH+OlAAUAbfTzakm/6Ibp5S31JInrpTDd+Qe3arEfatPLuMasFR9tyO+NMAFsF84MT6TK1vA=="],

    "@stacksjs/ts-spell-check": ["@stacksjs/ts-spell-check@0.1.0", "", {}, "sha512-GnrxhHh606U6e0uPoUfbyh3sWI2VCtj6IwtSS4ik8Jz7vF11WFZ4qeCnXlUSZXLLlk0ukcdpilZr4girmx7PbA=="],

    "@stacksjs/ts-svg": ["@stacksjs/ts-svg@0.1.1", "", { "dependencies": { "@stacksjs/ts-css": "^0.1.0", "@stacksjs/ts-png": "^0.1.2" }, "bin": { "svg": "dist/cli.js" } }, "sha512-jG/DC3JaWEvblsrl3X1mVFPZY+1+DEtt9ypWXuXHyWyud+CaD/MQdGRypJbRyLrT03HWx/x6TG9UOzh7GDaing=="],

    "@stacksjs/ts-webp": ["@stacksjs/ts-webp@0.1.0", "", {}, "sha512-wWA+HEmRszZg4av8jzSa1l2eDPEu06Cdy/c9gjlP/7rqUb7K5ETzK5rZt9DgDe28treKGy/vGo/1YS4yiUvtUA=="],

    "@stacksjs/ts-xml": ["@stacksjs/ts-xml@0.1.0", "", { "bin": { "bin-name": "./dist/bin/cli.js" } }, "sha512-YB7FSlFcPqopUOmjK1Qqr5E6QaarerIFJzWfUXOO/EuR1qX+IRRKxOKbWRmCvN72Mnchz8EfXhlvxEK+Zz/mQQ=="],

    "@ts-cloud/aws-types": ["@ts-cloud/aws-types@0.7.108", "", {}, "sha512-rjEoMdxhb3c94UkJZivkTFn3r9K/BuOv8c0KAAAaSJ2TjWc6eE+zLKOUUSC6xgHRwQ3rqyiWwXkEVmDfZU6/aQ=="],

    "@ts-cloud/core": ["@ts-cloud/core@0.7.108", "", { "dependencies": { "@ts-cloud/aws-types": "0.7.108" } }, "sha512-sefvIOeSNznHENMBjv+gMgkogX44/SOXxUhJA4MUs3e8GXkU70hSbi7Ty4bj6aKwc0eriOlZSetv/+mKSwxbqA=="],

    "@types/bun": ["@types/bun@1.3.14", "", { "dependencies": { "bun-types": "1.3.14" } }, "sha512-h1hFqFVcvAvD9j9K7ZW7vd82aSA+rTdznZa+5bwvCwqSB1jmmfLcbIWhOLx1/+boy/xmjgCs/OMUL8hRJSmnPw=="],

    "@types/node": ["@types/node@25.9.1", "", { "dependencies": { "undici-types": ">=7.24.0 <7.24.7" } }, "sha512-xfrlY7UD5rMJk3ZVJP8BNzS28J36YJg+xp+LPXV1TdWxr8uMH5A860QNxYDGQe/ylDSgjxE52Q9VnO7p75tJxg=="],

    "@types/prompts": ["@types/prompts@2.4.9", "", { "dependencies": { "@types/node": "*", "kleur": "^3.0.3" } }, "sha512-qTxFi6Buiu8+50/+3DGIWLHM6QuWsEKugJnnP6iv2Mc4ncxE4A/OJkjuVOA+5X0X1S/nq5VJRa8Lu+nwcvbrKA=="],

    "b4a": ["b4a@1.8.1", "", { "peerDependencies": { "react-native-b4a": "*" }, "optionalPeers": ["react-native-b4a"] }, "sha512-aiqre1Nr0B/6DgE2N5vwTc+2/oQZ4Wh1t4NznYY4E00y8LCt6NqdRv81so00oo27D8MVKTpUa/MwUUtBLXCoDw=="],

    "bare-events": ["bare-events@2.8.3", "", { "peerDependencies": { "bare-abort-controller": "*" }, "optionalPeers": ["bare-abort-controller"] }, "sha512-HdUm8EMQBLaJvGUdidNNbqpA1kYkwNcb+MYxkxCLAPJGQzlv9J0C24h8V65Z4c5GLd/JEALDvpFCQgpLJqc0zw=="],

    "bare-fs": ["bare-fs@4.7.1", "", { "dependencies": { "bare-events": "^2.5.4", "bare-path": "^3.0.0", "bare-stream": "^2.6.4", "bare-url": "^2.2.2", "fast-fifo": "^1.3.2" }, "peerDependencies": { "bare-buffer": "*" }, "optionalPeers": ["bare-buffer"] }, "sha512-WDRsyVN52eAx/lBamKD6uyw8H4228h/x0sGGGegOamM2cd7Pag88GfMQalobXI+HaEUxpCkbKQUDOQqt9wawRw=="],

    "bare-os": ["bare-os@3.9.1", "", {}, "sha512-6M5XjcnsygQNPMCMPXSK379xrJFiZ/AEMNBmFEmQW8d/789VQATvriyi5r0HYTL9TkQ26rn3kgdTG3aisbrXkQ=="],

    "bare-path": ["bare-path@3.0.0", "", { "dependencies": { "bare-os": "^3.0.1" } }, "sha512-tyfW2cQcB5NN8Saijrhqn0Zh7AnFNsnczRcuWODH0eYAXBsJ5gVxAUuNr7tsHSC6IZ77cA0SitzT+s47kot8Mw=="],

    "bare-stream": ["bare-stream@2.13.1", "", { "dependencies": { "streamx": "^2.25.0", "teex": "^1.0.1" }, "peerDependencies": { "bare-abort-controller": "*", "bare-buffer": "*", "bare-events": "*" }, "optionalPeers": ["bare-abort-controller", "bare-buffer", "bare-events"] }, "sha512-Vp0cnjYyrEC4whYTymQ+YZi6pBpfiICZO3cfRG8sy67ZNWe951urv1x4eW1BKNngw3U+3fPYb5JQvHbCtxH7Ow=="],

    "bare-url": ["bare-url@2.4.3", "", { "dependencies": { "bare-path": "^3.0.0" } }, "sha512-Kccpc7ACfXaxfeInfqKcZtW4pT5YBn1mesc4sCsun6sRwtbJ4h+sNOaksUpYEJUKfN65YWC6Bw2OJEFiKxq8nQ=="],

    "buddy-bot": ["buddy-bot@0.9.27", "", { "dependencies": { "prompts": "^2.4.2", "ts-pantry": "^0.11.19" }, "bin": { "buddy-bot": "./dist/bin/cli.js" } }, "sha512-vog9xkkxix/n+6lJd6etL0mgla4goCyW4aTkPs1AsAk3j3EzH1J4mRPQWzPFCifUg5M9AnL0rXZJRo2vj8cOkw=="],

    "bun-git-hooks": ["bun-git-hooks@0.3.2", "", { "bin": { "git-hooks": "./dist/bin/cli.js", "bun-git-hooks": "./dist/bin/cli.js" } }, "sha512-cHkmB7sxmtPNekzG0nGXqbN8Q+dZf4muvV4eCB8dBCduW1DHR+4YulKinPUk/C6Rogy+JMyL1ysVVVWwZobwZw=="],

    "bun-plugin-dtsx": ["bun-plugin-dtsx@0.11.2", "", { "dependencies": { "@stacksjs/dtsx": "0.11.2" } }, "sha512-tbmU8noI7XtGYot1nANQ5owBpuJz2TldqH6mYG95kg3uFC0ul55fNRF3iWCCqc1RHFJKW1wYAXdPsFz2d9sm/Q=="],

    "bun-plugin-stx": ["bun-plugin-stx@0.2.166", "", { "dependencies": { "@stacksjs/stx": "^0.2.72", "stx-router": "^0.2.72" }, "bin": { "serve": "./dist/serve.js", "stx-serve": "./dist/serve.js" } }, "sha512-FazCo5TNqUjqBZSpNKCRojtMwIsnGrqsrYhwXDKJFahOKQe3S3EMnled3E78Q/5eNiB3NU4n4MgWskY7caJ24Q=="],

    "bun-types": ["bun-types@1.3.14", "", { "dependencies": { "@types/node": "*" } }, "sha512-4N0ig0fEomHt5R0KCFWjovxow98rIoRwKolrYdCcknNwMekCXRnWEUvgu5soYV8QXtVsrUD8B95MBOZGPvr6KQ=="],

    "bunfig": ["bunfig@0.15.17", "", { "dependencies": { "@stacksjs/clapp": "^0.2.0", "@stacksjs/clarity": "^0.3.24" }, "bin": { "bunfig": "./bin/cli.js" } }, "sha512-nJAYGUq29lMmKindrIQIU5MD0JFFRoVFt+PBoNEvvVO9gKS3WgsYQVQLzN0gzHNnZtOZSR9p7jTBiRCwjQpr1g=="],

    "craft-native": ["craft-native@0.0.55", "", { "bin": { "craft-sdk": "dist/cli.js" } }, "sha512-qFekhPhVKRqsMJLaX9zTDQCq03ciVYvARoiBJYtFfFiQuf/uwBWEfhlez5pjKLnX4PVuQhsZM2PwG+NLdoxvbQ=="],

    "data-uri-to-buffer": ["data-uri-to-buffer@6.0.2", "", {}, "sha512-7hvf7/GW8e86rW0ptuwS3OcBGDjIi6SZva7hCyWC0yYry2cOPmLIjXAUHI6DK2HsnwJd9ifmt57i8eV2n4YNpw=="],

    "events-universal": ["events-universal@1.0.1", "", { "dependencies": { "bare-events": "^2.7.0" } }, "sha512-LUd5euvbMLpwOF8m6ivPCbhQeSiYVNb8Vs0fQ8QjXo0JTkEHpz8pxdQf0gStltaPpw0Cca8b39KxvK9cfKRiAw=="],

    "fast-fifo": ["fast-fifo@1.3.2", "", {}, "sha512-/d9sfos4yxzpwkDkuN7k2SqFKtYNmCTzgfEpz82x34IM9/zc8KGxQoXg1liNC/izpRM/MBdt44Nmx41ZWqk+FQ=="],

    "kleur": ["kleur@3.0.3", "", {}, "sha512-eTIzlVOSUR+JxdDFepEYcBMtZ9Qqdef+rnzWdRZuMbOywu5tO2w2N7rqjoANZ5k9vywhL6Br1VRjUIgTQx4E8w=="],

    "pickier": ["pickier@0.1.49", "", { "dependencies": { "@stacksjs/clapp": "^0.2.3", "@stacksjs/clarity": "^0.3.24" }, "optionalDependencies": { "@stacksjs/ts-spell-check": "^0.1.0" }, "bin": { "pickier": "./dist/bin/cli.js" } }, "sha512-a64LaCOVH5q26NHqNSFR7oLTrZlKiamGIPjLc6zbHp6OzaJy6hcF+yZ2PdggHhJfGy3JaVOfyTS58D896SRKjQ=="],

    "prompts": ["prompts@2.4.2", "", { "dependencies": { "kleur": "^3.0.3", "sisteransi": "^1.0.5" } }, "sha512-NxNv/kLguCA7p3jE8oL2aEBsrJWgAakBpgmgK6lpPWV+WuOmY6r2/zbAVnP+T8bQlA0nzHXSJSJW0Hq7ylaD2Q=="],

    "sisteransi": ["sisteransi@1.0.5", "", {}, "sha512-bLGGlR1QxBcynn2d5YmDX4MGjlZvy2MRBDRNHLJ8VI6l6+9FUiyTFNJ0IveOSP0bcXgVDPRcfGqA0pjaqUpfVg=="],

    "streamx": ["streamx@2.25.0", "", { "dependencies": { "events-universal": "^1.0.0", "fast-fifo": "^1.3.2", "text-decoder": "^1.1.0" } }, "sha512-0nQuG6jf1w+wddNEEXCF4nTg3LtufWINB5eFEN+5TNZW7KWJp6x87+JFL43vaAUPyCfH1wID+mNVyW6OHtFamg=="],

    "stx-router": ["stx-router@0.2.166", "", {}, "sha512-OlQw+q+fEPlacGHl3Yk4cUkczLXYs+TQYmn1U4D03obKjhQdUWVSDi/LOU4MStB4qGzjvCkX8f2AKGArvIHVmA=="],

    "tar-stream": ["tar-stream@3.2.0", "", { "dependencies": { "b4a": "^1.6.4", "bare-fs": "^4.5.5", "fast-fifo": "^1.2.0", "streamx": "^2.15.0" } }, "sha512-ojzvCvVaNp6aOTFmG7jaRD0meowIAuPc3cMMhSgKiVWws1GyHbGd/xvnyuRKcKlMpt3qvxx6r0hreCNITP9hIg=="],

    "teex": ["teex@1.0.1", "", { "dependencies": { "streamx": "^2.12.5" } }, "sha512-eYE6iEI62Ni1H8oIa7KlDU6uQBtqr4Eajni3wX7rpfXD8ysFx8z0+dri+KWEPWpBsxXfxu58x/0jvTVT1ekOSg=="],

    "text-decoder": ["text-decoder@1.2.7", "", { "dependencies": { "b4a": "^1.6.4" } }, "sha512-vlLytXkeP4xvEq2otHeJfSQIRyWxo/oZGEbXrtEEF9Hnmrdly59sUbzZ/QgyWuLYHctCHxFF4tRQZNQ9k60ExQ=="],

    "ts-broadcasting": ["ts-broadcasting@0.0.9", "", { "bin": { "broadcast": "./dist/bin/cli.js" } }, "sha512-OA95bHPe3M/24Gx8FpbUV0+NzGwvemG2LP64s1p/zATagX8xJckeziru03ccjW0ExWaD+W5tC1GRIqS6lfbB4A=="],

    "ts-gif": ["ts-gif@0.1.2", "", { "dependencies": { "data-uri-to-buffer": "^6.0.2" } }, "sha512-jbraplO1qqJtrtkFeepNPUGPad7w8FQHWIQFsn1OJbHeWKUbdqdkrX18XzNXI5Fw7+s6A3nbNTdj+Ukn4d3f8g=="],

    "ts-images": ["ts-images@0.1.11", "", { "dependencies": { "@stacksjs/ts-avif": "^0.1.0", "@stacksjs/ts-bmp": "^0.1.0", "@stacksjs/ts-png": "^0.1.2", "@stacksjs/ts-svg": "^0.1.1", "@stacksjs/ts-webp": "^0.1.0", "ts-gif": "^0.1.2", "ts-jpeg": "^0.3.1" }, "bin": { "imgx": "./dist/bin/cli.js" } }, "sha512-b5g1uADQR1Ytg4mS0EyFEce9jWhxC/kj1f5ChTVnnpPZV8NhI+aEW8YbH+LMDRCzCE1HRJiUIweUPqMkMAytIA=="],

    "ts-jpeg": ["ts-jpeg@0.3.1", "", {}, "sha512-KIGTJj4UIlkGoCFEofx8jHHQEkJfSLFJY0MHz60Mu4Scjrcj7K/0UJGCbL9QvfIaFGAOGdf0xNFpYSuzUpimwA=="],

    "ts-pantry": ["ts-pantry@0.11.19", "", { "dependencies": { "@stacksjs/ts-cloud": "^0.7.26", "bunfig": "^0.15.6", "tar-stream": "^3.2.0", "ts-web-scraper": "^0.1.1" }, "bin": { "ts-pantry": "./dist/bin/cli.js" } }, "sha512-I7y/buXhVxFY+K8op+VhkBggEnPyRCUkHMuOKOZy2s0zrZ1hdDJSTQZmHsexdEPsxn1gIswB5xD3wOi+tq9FtQ=="],

    "ts-syntax-highlighter": ["ts-syntax-highlighter@0.2.1", "", { "bin": { "ts-syntax-highlighter": "dist/bin/cli.js" } }, "sha512-HEfxaVKifwvnX0NaOE8nfs4VFdZo6WdREj1KRehelfYsO1N+m9vOIj5exhlOqFpxOPWd4BlalU8y0WWS7yPWjw=="],

    "ts-web-scraper": ["ts-web-scraper@0.1.1", "", { "bin": { "scraper": "dist/bin/cli.js" } }, "sha512-js+gSRe95yDD9U3+GmjvIKBYLAN9WoZKV84x7HcSI7dqdWEIoZSeSGR/Jbr8f5hCeV9FD70KdTPIS2LQwviQXQ=="],

    "typescript": ["typescript@6.0.3", "", { "bin": { "tsc": "bin/tsc", "tsserver": "bin/tsserver" } }, "sha512-y2TvuxSZPDyQakkFRPZHKFm+KKVqIisdg9/CZwm9ftvKXLP8NRWj38/ODjNbr43SsoXqNuAisEf1GdCxqWcdBw=="],

    "undici-types": ["undici-types@7.24.6", "", {}, "sha512-WRNW+sJgj5OBN4/0JpHFqtqzhpbnV0GuB+OozA9gCL7a993SmU+1JBZCzLNxYsbMfIeDL+lTsphD5jN5N+n0zg=="],

    "@stacksjs/ts-css/bunfig": ["bunfig@0.15.13", "", { "dependencies": { "@stacksjs/clapp": "^0.2.0", "@stacksjs/clarity": "^0.3.24" }, "bin": { "bunfig": "./bin/cli.js" } }, "sha512-8LP53R9iJd70zbr2HT5lZE/3d0t2hgF/HW+0xAd57Uwzv4wFP/e7UU6WYtHNUH5M7BPB95WFol791tGOxdTcPg=="],

    "ts-pantry/bunfig": ["bunfig@0.15.13", "", { "dependencies": { "@stacksjs/clapp": "^0.2.0", "@stacksjs/clarity": "^0.3.24" }, "bin": { "bunfig": "./bin/cli.js" } }, "sha512-8LP53R9iJd70zbr2HT5lZE/3d0t2hgF/HW+0xAd57Uwzv4wFP/e7UU6WYtHNUH5M7BPB95WFol791tGOxdTcPg=="],

    "@stacksjs/ts-css/bunfig/@stacksjs/clapp": ["@stacksjs/clapp@0.2.10", "", {}, "sha512-l/2F0u5ihpae8R4kJ3Pdh6tV7aEpSxu6hCyafhw38Fl9+x2YKxZfUK+fF/G5AVwSzJar3dkKuMxbMcQ0PXKGRg=="],

    "@stacksjs/ts-css/bunfig/@stacksjs/clarity": ["@stacksjs/clarity@0.3.28", "", { "dependencies": { "bunfig": "^0.15.6" }, "bin": { "clarity": "./dist/bin/cli.js" } }, "sha512-SElzGeDewEbp0c4C8PTfdvi/Xtr1HGAjG6b0prHvkVxyYGM+2R0BFU0otUmy+DbR7wsfZ4rNU3YN1+JK/CzoTw=="],

    "ts-pantry/bunfig/@stacksjs/clapp": ["@stacksjs/clapp@0.2.10", "", {}, "sha512-l/2F0u5ihpae8R4kJ3Pdh6tV7aEpSxu6hCyafhw38Fl9+x2YKxZfUK+fF/G5AVwSzJar3dkKuMxbMcQ0PXKGRg=="],

    "ts-pantry/bunfig/@stacksjs/clarity": ["@stacksjs/clarity@0.3.28", "", { "dependencies": { "bunfig": "^0.15.6" }, "bin": { "clarity": "./dist/bin/cli.js" } }, "sha512-SElzGeDewEbp0c4C8PTfdvi/Xtr1HGAjG6b0prHvkVxyYGM+2R0BFU0otUmy+DbR7wsfZ4rNU3YN1+JK/CzoTw=="],
  }
}
